// !$*UTF8*$!
{
	archiveVersion = 1;
	classes = {
	};
	objectVersion = 46;
	objects = {

/* Begin PBXBuildFile section */
		5BF50E521DB1392900F3658B /* main.m in Sources */ = {isa = PBXBuildFile; fileRef = 5BF50E511DB1392900F3658B /* main.m */; };
		5BF50E551DB1392900F3658B /* AppDelegate.m in Sources */ = {isa = PBXBuildFile; fileRef = 5BF50E541DB1392900F3658B /* AppDelegate.m */; };
		5BF50E5E1DB1392900F3658B /* WeatherForecaster.xcdatamodeld in Sources */ = {isa = PBXBuildFile; fileRef = 5BF50E5C1DB1392900F3658B /* WeatherForecaster.xcdatamodeld */; };
		5BF50E601DB1392900F3658B /* Assets.xcassets in Resources */ = {isa = PBXBuildFile; fileRef = 5BF50E5F1DB1392900F3658B /* Assets.xcassets */; };
		5BF50E631DB1392900F3658B /* LaunchScreen.storyboard in Resources */ = {isa = PBXBuildFile; fileRef = 5BF50E611DB1392900F3658B /* LaunchScreen.storyboard */; };
		5BF50E761DB139A300F3658B /* APIController.m in Sources */ = {isa = PBXBuildFile; fileRef = 5BF50E6B1DB139A300F3658B /* APIController.m */; };
		5BF50E771DB139A300F3658B /* City.m in Sources */ = {isa = PBXBuildFile; fileRef = 5BF50E6D1DB139A300F3658B /* City.m */; };
		5BF50E781DB139A300F3658B /* CityTableViewController.m in Sources */ = {isa = PBXBuildFile; fileRef = 5BF50E6F1DB139A300F3658B /* CityTableViewController.m */; };
		5BF50E791DB139A300F3658B /* SearchZipViewController.m in Sources */ = {isa = PBXBuildFile; fileRef = 5BF50E711DB139A300F3658B /* SearchZipViewController.m */; };
		5BF50E7A1DB139A300F3658B /* Weather.m in Sources */ = {isa = PBXBuildFile; fileRef = 5BF50E731DB139A300F3658B /* Weather.m */; };
		5BF50E7B1DB139A300F3658B /* WeatherDetailViewController.m in Sources */ = {isa = PBXBuildFile; fileRef = 5BF50E751DB139A300F3658B /* WeatherDetailViewController.m */; };
		5BF50E7D1DB139DE00F3658B /* Main.storyboard in Resources */ = {isa = PBXBuildFile; fileRef = 5BF50E7C1DB139DE00F3658B /* Main.storyboard */; };
/* End PBXBuildFile section */

/* Begin PBXFileReference section */
		5BF50E4D1DB1392900F3658B /* WeatherForecaster.app */ = {isa = PBXFileReference; explicitFileType = wrapper.application; includeInIndex = 0; path = WeatherForecaster.app; sourceTree = BUILT_PRODUCTS_DIR; };
		5BF50E511DB1392900F3658B /* main.m */ = {isa = PBXFileReference; lastKnownFileType = sourcecode.c.objc; path = main.m; sourceTree = "<group>"; };
		5BF50E531DB1392900F3658B /* AppDelegate.h */ = {isa = PBXFileReference; lastKnownFileType = sourcecode.c.h; path = AppDelegate.h; sourceTree = "<group>"; };
		5BF50E541DB1392900F3658B /* AppDelegate.m */ = {isa = PBXFileReference; lastKnownFileType = sourcecode.c.objc; path = AppDelegate.m; sourceTree = "<group>"; };
		5BF50E5D1DB1392900F3658B /* WeatherForecaster.xcdatamodel */ = {isa = PBXFileReference; lastKnownFileType = wrapper.xcdatamodel; path = WeatherForecaster.xcdatamodel; sourceTree = "<group>"; };
		5BF50E5F1DB1392900F3658B /* Assets.xcassets */ = {isa = PBXFileReference; lastKnownFileType = folder.assetcatalog; path = Assets.xcassets; sourceTree = "<group>"; };
		5BF50E621DB1392900F3658B /* Base */ = {isa = PBXFileReference; lastKnownFileType = file.storyboard; name = Base; path = Base.lproj/LaunchScreen.storyboard; sourceTree = "<group>"; };
		5BF50E641DB1392900F3658B /* Info.plist */ = {isa = PBXFileReference; lastKnownFileType = text.plist.xml; path = Info.plist; sourceTree = "<group>"; };
		5BF50E6A1DB139A300F3658B /* APIController.h */ = {isa = PBXFileReference; fileEncoding = 4; lastKnownFileType = sourcecode.c.h; path = APIController.h; sourceTree = "<group>"; };
		5BF50E6B1DB139A300F3658B /* APIController.m */ = {isa = PBXFileReference; fileEncoding = 4; lastKnownFileType = sourcecode.c.objc; path = APIController.m; sourceTree = "<group>"; };
		5BF50E6C1DB139A300F3658B /* City.h */ = {isa = PBXFileReference; fileEncoding = 4; lastKnownFileType = sourcecode.c.h; path = City.h; sourceTree = "<group>"; };
		5BF50E6D1DB139A300F3658B /* City.m */ = {isa = PBXFileReference; fileEncoding = 4; lastKnownFileType = sourcecode.c.objc; path = City.m; sourceTree = "<group>"; };
		5BF50E6E1DB139A300F3658B /* CityTableViewController.h */ = {isa = PBXFileReference; fileEncoding = 4; lastKnownFileType = sourcecode.c.h; path = CityTableViewController.h; sourceTree = "<group>"; };
		5BF50E6F1DB139A300F3658B /* CityTableViewController.m */ = {isa = PBXFileReference; fileEncoding = 4; lastKnownFileType = sourcecode.c.objc; path = CityTableViewController.m; sourceTree = "<group>"; };
		5BF50E701DB139A300F3658B /* SearchZipViewController.h */ = {isa = PBXFileReference; fileEncoding = 4; lastKnownFileType = sourcecode.c.h; path = SearchZipViewController.h; sourceTree = "<group>"; };
		5BF50E711DB139A300F3658B /* SearchZipViewController.m */ = {isa = PBXFileReference; fileEncoding = 4; lastKnownFileType = sourcecode.c.objc; path = SearchZipViewController.m; sourceTree = "<group>"; };
		5BF50E721DB139A300F3658B /* Weather.h */ = {isa = PBXFileReference; fileEncoding = 4; lastKnownFileType = sourcecode.c.h; path = Weather.h; sourceTree = "<group>"; };
		5BF50E731DB139A300F3658B /* Weather.m */ = {isa = PBXFileReference; fileEncoding = 4; lastKnownFileType = sourcecode.c.objc; path = Weather.m; sourceTree = "<group>"; };
		5BF50E741DB139A300F3658B /* WeatherDetailViewController.h */ = {isa = PBXFileReference; fileEncoding = 4; lastKnownFileType = sourcecode.c.h; path = WeatherDetailViewController.h; sourceTree = "<group>"; };
		5BF50E751DB139A300F3658B /* WeatherDetailViewController.m */ = {isa = PBXFileReference; fileEncoding = 4; lastKnownFileType = sourcecode.c.objc; path = WeatherDetailViewController.m; sourceTree = "<group>"; };
		5BF50E7C1DB139DE00F3658B /* Main.storyboard */ = {isa = PBXFileReference; fileEncoding = 4; lastKnownFileType = file.storyboard; path = Main.storyboard; sourceTree = "<group>"; };
/* End PBXFileReference section */

/* Begin PBXFrameworksBuildPhase section */
		5BF50E4A1DB1392900F3658B /* Frameworks */ = {
			isa = PBXFrameworksBuildPhase;
			buildActionMask = 2147483647;
			files = (
			);
			runOnlyForDeploymentPostprocessing = 0;
		};
/* End PBXFrameworksBuildPhase section */

/* Begin PBXGroup section */
		5BF50E441DB1392900F3658B = {
			isa = PBXGroup;
			children = (
				5BF50E4F1DB1392900F3658B /* WeatherForecaster */,
				5BF50E4E1DB1392900F3658B /* Products */,
			);
			sourceTree = "<group>";
		};
		5BF50E4E1DB1392900F3658B /* Products */ = {
			isa = PBXGroup;
			children = (
				5BF50E4D1DB1392900F3658B /* WeatherForecaster.app */,
			);
			name = Products;
			sourceTree = "<group>";
		};
		5BF50E4F1DB1392900F3658B /* WeatherForecaster */ = {
			isa = PBXGroup;
			children = (
				5BF50E531DB1392900F3658B /* AppDelegate.h */,
				5BF50E541DB1392900F3658B /* AppDelegate.m */,
				5BF50E6A1DB139A300F3658B /* APIController.h */,
				5BF50E6B1DB139A300F3658B /* APIController.m */,
				5BF50E6C1DB139A300F3658B /* City.h */,
				5BF50E6D1DB139A300F3658B /* City.m */,
				5BF50E6E1DB139A300F3658B /* CityTableViewController.h */,
				5BF50E6F1DB139A300F3658B /* CityTableViewController.m */,
				5BF50E701DB139A300F3658B /* SearchZipViewController.h */,
				5BF50E711DB139A300F3658B /* SearchZipViewController.m */,
				5BF50E721DB139A300F3658B /* Weather.h */,
				5BF50E731DB139A300F3658B /* Weather.m */,
				5BF50E741DB139A300F3658B /* WeatherDetailViewController.h */,
				5BF50E751DB139A300F3658B /* WeatherDetailViewController.m */,
				5BF50E5F1DB1392900F3658B /* Assets.xcassets */,
				5BF50E611DB1392900F3658B /* LaunchScreen.storyboard */,
				5BF50E7C1DB139DE00F3658B /* Main.storyboard */,
				5BF50E641DB1392900F3658B /* Info.plist */,
				5BF50E5C1DB1392900F3658B /* WeatherForecaster.xcdatamodeld */,
				5BF50E501DB1392900F3658B /* Supporting Files */,
			);
			path = WeatherForecaster;
			sourceTree = "<group>";
		};
		5BF50E501DB1392900F3658B /* Supporting Files */ = {
			isa = PBXGroup;
			children = (
				5BF50E511DB1392900F3658B /* main.m */,
			);
			name = "Supporting Files";
			sourceTree = "<group>";
		};
/* End PBXGroup section */

/* Begin PBXNativeTarget section */
		5BF50E4C1DB1392900F3658B /* WeatherForecaster */ = {
			isa = PBXNativeTarget;
			buildConfigurationList = 5BF50E671DB1392900F3658B /* Build configuration list for PBXNativeTarget "WeatherForecaster" */;
			buildPhases = (
				5BF50E491DB1392900F3658B /* Sources */,
				5BF50E4A1DB1392900F3658B /* Frameworks */,
				5BF50E4B1DB1392900F3658B /* Resources */,
			);
			buildRules = (
			);
			dependencies = (
			);
			name = WeatherForecaster;
			productName = WeatherForecaster;
			productReference = 5BF50E4D1DB1392900F3658B /* WeatherForecaster.app */;
			productType = "com.apple.product-type.application";
		};
/* End PBXNativeTarget section */

/* Begin PBXProject section */
		5BF50E451DB1392900F3658B /* Project object */ = {
			isa = PBXProject;
			attributes = {
				LastUpgradeCheck = 0800;
				ORGANIZATIONNAME = "The Iron Yard";
				TargetAttributes = {
					5BF50E4C1DB1392900F3658B = {
						CreatedOnToolsVersion = 8.0;
						DevelopmentTeam = NTJUS326KK;
						ProvisioningStyle = Automatic;
					};
				};
			};
			buildConfigurationList = 5BF50E481DB1392900F3658B /* Build configuration list for PBXProject "WeatherForecaster" */;
			compatibilityVersion = "Xcode 3.2";
			developmentRegion = English;
			hasScannedForEncodings = 0;
			knownRegions = (
				en,
				Base,
			);
			mainGroup = 5BF50E441DB1392900F3658B;
			productRefGroup = 5BF50E4E1DB1392900F3658B /* Products */;
			projectDirPath = "";
			projectRoot = "";
			targets = (
				5BF50E4C1DB1392900F3658B /* WeatherForecaster */,
			);
		};
/* End PBXProject section */

/* Begin PBXResourcesBuildPhase section */
		5BF50E4B1DB1392900F3658B /* Resources */ = {
			isa = PBXResourcesBuildPhase;
			buildActionMask = 2147483647;
			files = (
				5BF50E7D1DB139DE00F3658B /* Main.storyboard in Resources */,
				5BF50E631DB1392900F3658B /* LaunchScreen.storyboard in Resources */,
				5BF50E601DB1392900F3658B /* Assets.xcassets in Resources */,
			);
			runOnlyForDeploymentPostprocessing = 0;
		};
/* End PBXResourcesBuildPhase section */

/* Begin PBXSourcesBuildPhase section */
		5BF50E491DB1392900F3658B /* Sources */ = {
			isa = PBXSourcesBuildPhase;
			buildActionMask = 2147483647;
			files = (
				5BF50E791DB139A300F3658B /* SearchZipViewController.m in Sources */,
				5BF50E781DB139A300F3658B /* CityTableViewController.m in Sources */,
				5BF50E771DB139A300F3658B /* City.m in Sources */,
				5BF50E761DB139A300F3658B /* APIController.m in Sources */,
				5BF50E7A1DB139A300F3658B /* Weather.m in Sources */,
				5BF50E5E1DB1392900F3658B /* WeatherForecaster.xcdatamodeld in Sources */,
				5BF50E7B1DB139A300F3658B /* WeatherDetailViewController.m in Sources */,
				5BF50E551DB1392900F3658B /* AppDelegate.m in Sources */,
				5BF50E521DB1392900F3658B /* main.m in Sources */,
			);
			runOnlyForDeploymentPostprocessing = 0;
		};
/* End PBXSourcesBuildPhase section */

/* Begin PBXVariantGroup section */
		5BF50E611DB1392900F3658B /* LaunchScreen.storyboard */ = {
			isa = PBXVariantGroup;
			children = (
				5BF50E621DB1392900F3658B /* Base */,
			);
			name = LaunchScreen.storyboard;
			sourceTree = "<group>";
		};
/* End PBXVariantGroup section */

/* Begin XCBuildConfiguration section */
		5BF50E651DB1392900F3658B /* Debug */ = {
			isa = XCBuildConfiguration;
			buildSettings = {
				ALWAYS_SEARCH_USER_PATHS = NO;
				CLANG_ANALYZER_NONNULL = YES;
				CLANG_CXX_LANGUAGE_STANDARD = "gnu++0x";
				CLANG_CXX_LIBRARY = "libc++";
				CLANG_ENABLE_MODULES = YES;
				CLANG_ENABLE_OBJC_ARC = YES;
				CLANG_WARN_BOOL_CONVERSION = YES;
				CLANG_WARN_CONSTANT_CONVERSION = YES;
				CLANG_WARN_DIRECT_OBJC_ISA_USAGE = YES_ERROR;
				CLANG_WARN_DOCUMENTATION_COMMENTS = YES;
				CLANG_WARN_EMPTY_BODY = YES;
				CLANG_WARN_ENUM_CONVERSION = YES;
				CLANG_WARN_INFINITE_RECURSION = YES;
				CLANG_WARN_INT_CONVERSION = YES;
				CLANG_WARN_OBJC_ROOT_CLASS = YES_ERROR;
				CLANG_WARN_SUSPICIOUS_MOVES = YES;
				CLANG_WARN_UNREACHABLE_CODE = YES;
				CLANG_WARN__DUPLICATE_METHOD_MATCH = YES;
				"CODE_SIGN_IDENTITY[sdk=iphoneos*]" = "iPhone Developer";
				COPY_PHASE_STRIP = NO;
				DEBUG_INFORMATION_FORMAT = dwarf;
				ENABLE_STRICT_OBJC_MSGSEND = YES;
				ENABLE_TESTABILITY = YES;
				GCC_C_LANGUAGE_STANDARD = gnu99;
				GCC_DYNAMIC_NO_PIC = NO;
				GCC_NO_COMMON_BLOCKS = YES;
				GCC_OPTIMIZATION_LEVEL = 0;
				GCC_PREPROCESSOR_DEFINITIONS = (
					"DEBUG=1",
					"$(inherited)",
				);
				GCC_WARN_64_TO_32_BIT_CONVERSION = YES;
				GCC_WARN_ABOUT_RETURN_TYPE = YES_ERROR;
				GCC_WARN_UNDECLARED_SELECTOR = YES;
				GCC_WARN_UNINITIALIZED_AUTOS = YES_AGGRESSIVE;
				GCC_WARN_UNUSED_FUNCTION = YES;
				GCC_WARN_UNUSED_VARIABLE = YES;
				IPHONEOS_DEPLOYMENT_TARGET = 10.0;
				MTL_ENABLE_DEBUG_INFO = YES;
				ONLY_ACTIVE_ARCH = YES;
				SDKROOT = iphoneos;
				TARGETED_DEVICE_FAMILY = "1,2";
			};
			name = Debug;
		};
		5BF50E661DB1392900F3658B /* Release */ = {
			isa = XCBuildConfiguration;
			buildSettings = {
				ALWAYS_SEARCH_USER_PATHS = NO;
				CLANG_ANALYZER_NONNULL = YES;
				CLANG_CXX_LANGUAGE_STANDARD = "gnu++0x";
				CLANG_CXX_LIBRARY = "libc++";
				CLANG_ENABLE_MODULES = YES;
				CLANG_ENABLE_OBJC_ARC = YES;
				CLANG_WARN_BOOL_CONVERSION = YES;
				CLANG_WARN_CONSTANT_CONVERSION = YES;
				CLANG_WARN_DIRECT_OBJC_ISA_USAGE = YES_ERROR;
				CLANG_WARN_DOCUMENTATION_COMMENTS = YES;
				CLANG_WARN_EMPTY_BODY = YES;
				CLANG_WARN_ENUM_CONVERSION = YES;
				CLANG_WARN_INFINITE_RECURSION = YES;
				CLANG_WARN_INT_CONVERSION = YES;
				CLANG_WARN_OBJC_ROOT_CLASS = YES_ERROR;
				CLANG_WARN_SUSPICIOUS_MOVES = YES;
				CLANG_WARN_UNREACHABLE_CODE = YES;
				CLANG_WARN__DUPLICATE_METHOD_MATCH = YES;
				"CODE_SIGN_IDENTITY[sdk=iphoneos*]" = "iPhone Developer";
				COPY_PHASE_STRIP = NO;
				DEBUG_INFORMATION_FORMAT = "dwarf-with-dsym";
				ENABLE_NS_ASSERTIONS = NO;
				ENABLE_STRICT_OBJC_MSGSEND = YES;
				GCC_C_LANGUAGE_STANDARD = gnu99;
				GCC_NO_COMMON_BLOCKS = YES;
				GCC_WARN_64_TO_32_BIT_CONVERSION = YES;
				GCC_WARN_ABOUT_RETURN_TYPE = YES_ERROR;
				GCC_WARN_UNDECLARED_SELECTOR = YES;
				GCC_WARN_UNINITIALIZED_AUTOS = YES_AGGRESSIVE;
				GCC_WARN_UNUSED_FUNCTION = YES;
				GCC_WARN_UNUSED_VARIABLE = YES;
				IPHONEOS_DEPLOYMENT_TARGET = 10.0;
				MTL_ENABLE_DEBUG_INFO = NO;
				SDKROOT = iphoneos;
				TARGETED_DEVICE_FAMILY = "1,2";
				VALIDATE_PRODUCT = YES;
			};
			name = Release;
		};
		5BF50E681DB1392900F3658B /* Debug */ = {
			isa = XCBuildConfiguration;
			buildSettings = {
				ASSETCATALOG_COMPILER_APPICON_NAME = AppIcon;
				DEVELOPMENT_TEAM = NTJUS326KK;
				INFOPLIST_FILE = WeatherForecaster/Info.plist;
				LD_RUNPATH_SEARCH_PATHS = "$(inherited) @executable_path/Frameworks";
				PRODUCT_BUNDLE_IDENTIFIER = com.tiy.WeatherForecaster;
				PRODUCT_NAME = "$(TARGET_NAME)";
			};
			name = Debug;
		};
		5BF50E691DB1392900F3658B /* Release */ = {
			isa = XCBuildConfiguration;
			buildSettings = {
				ASSETCATALOG_COMPILER_APPICON_NAME = AppIcon;
				DEVELOPMENT_TEAM = NTJUS326KK;
				INFOPLIST_FILE = WeatherForecaster/Info.plist;
				LD_RUNPATH_SEARCH_PATHS = "$(inherited) @executable_path/Frameworks";
				PRODUCT_BUNDLE_IDENTIFIER = com.tiy.WeatherForecaster;
				PRODUCT_NAME = "$(TARGET_NAME)";
			};
			name = Release;
		};
/* End XCBuildConfiguration section */

/* Begin XCConfigurationList section */
		5BF50E481DB1392900F3658B /* Build configuration list for PBXProject "WeatherForecaster" */ = {
			isa = XCConfigurationList;
			buildConfigurations = (
				5BF50E651DB1392900F3658B /* Debug */,
				5BF50E661DB1392900F3658B /* Release */,
			);
			defaultConfigurationIsVisible = 0;
			defaultConfigurationName = Release;
		};
		5BF50E671DB1392900F3658B /* Build configuration list for PBXNativeTarget "WeatherForecaster" */ = {
			isa = XCConfigurationList;
			buildConfigurations = (
				5BF50E681DB1392900F3658B /* Debug */,
				5BF50E691DB1392900F3658B /* Release */,
			);
			defaultConfigurationIsVisible = 0;
			defaultConfigurationName = Release;
		};
/* End XCConfigurationList section */

/* Begin XCVersionGroup section */
		5BF50E5C1DB1392900F3658B /* WeatherForecaster.xcdatamodeld */ = {
			isa = XCVersionGroup;
			children = (
				5BF50E5D1DB1392900F3658B /* WeatherForecaster.xcdatamodel */,
			);
			currentVersion = 5BF50E5D1DB1392900F3658B /* WeatherForecaster.xcdatamodel */;
			path = WeatherForecaster.xcdatamodeld;
			sourceTree = "<group>";
			versionGroupType = wrapper.xcdatamodel;
		};
/* End XCVersionGroup section */
	};
	rootObject = 5BF50E451DB1392900F3658B /* Project object */;
}
