// !$*UTF8*$!
{
	archiveVersion = 1;
	classes = {
	};
	objectVersion = 46;
	objects = {

/* Begin PBXBuildFile section */
		5BF50E8B1DB13BAD00F3658B /* AppDelegate.swift in Sources */ = {isa = PBXBuildFile; fileRef = 5BF50E8A1DB13BAD00F3658B /* AppDelegate.swift */; };
		5BF50E8D1DB13BAD00F3658B /* ViewController.swift in Sources */ = {isa = PBXBuildFile; fileRef = 5BF50E8C1DB13BAD00F3658B /* ViewController.swift */; };
		5BF50E901DB13BAD00F3658B /* Main.storyboard in Resources */ = {isa = PBXBuildFile; fileRef = 5BF50E8E1DB13BAD00F3658B /* Main.storyboard */; };
		5BF50E921DB13BAD00F3658B /* Assets.xcassets in Resources */ = {isa = PBXBuildFile; fileRef = 5BF50E911DB13BAD00F3658B /* Assets.xcassets */; };
		5BF50E951DB13BAD00F3658B /* LaunchScreen.storyboard in Resources */ = {isa = PBXBuildFile; fileRef = 5BF50E931DB13BAD00F3658B /* LaunchScreen.storyboard */; };
/* End PBXBuildFile section */

/* Begin PBXFileReference section */
		5BF50E871DB13BAD00F3658B /* NBADiary.app */ = {isa = PBXFileReference; explicitFileType = wrapper.application; includeInIndex = 0; path = NBADiary.app; sourceTree = BUILT_PRODUCTS_DIR; };
		5BF50E8A1DB13BAD00F3658B /* AppDelegate.swift */ = {isa = PBXFileReference; lastKnownFileType = sourcecode.swift; path = AppDelegate.swift; sourceTree = "<group>"; };
		5BF50E8C1DB13BAD00F3658B /* ViewController.swift */ = {isa = PBXFileReference; lastKnownFileType = sourcecode.swift; path = ViewController.swift; sourceTree = "<group>"; };
		5BF50E8F1DB13BAD00F3658B /* Base */ = {isa = PBXFileReference; lastKnownFileType = file.storyboard; name = Base; path = Base.lproj/Main.storyboard; sourceTree = "<group>"; };
		5BF50E911DB13BAD00F3658B /* Assets.xcassets */ = {isa = PBXFileReference; lastKnownFileType = folder.assetcatalog; path = Assets.xcassets; sourceTree = "<group>"; };
		5BF50E941DB13BAD00F3658B /* Base */ = {isa = PBXFileReference; lastKnownFileType = file.storyboard; name = Base; path = Base.lproj/LaunchScreen.storyboard; sourceTree = "<group>"; };
		5BF50E961DB13BAD00F3658B /* Info.plist */ = {isa = PBXFileReference; lastKnownFileType = text.plist.xml; path = Info.plist; sourceTree = "<group>"; };
/* End PBXFileReference section */

/* Begin PBXFrameworksBuildPhase section */
		5BF50E841DB13BAD00F3658B /* Frameworks */ = {
			isa = PBXFrameworksBuildPhase;
			buildActionMask = 2147483647;
			files = (
			);
			runOnlyForDeploymentPostprocessing = 0;
		};
/* End PBXFrameworksBuildPhase section */

/* Begin PBXGroup section */
		5BF50E7E1DB13BAD00F3658B = {
			isa = PBXGroup;
			children = (
				5BF50E891DB13BAD00F3658B /* NBADiary */,
				5BF50E881DB13BAD00F3658B /* Products */,
			);
			sourceTree = "<group>";
		};
		5BF50E881DB13BAD00F3658B /* Products */ = {
			isa = PBXGroup;
			children = (
				5BF50E871DB13BAD00F3658B /* NBADiary.app */,
			);
			name = Products;
			sourceTree = "<group>";
		};
		5BF50E891DB13BAD00F3658B /* NBADiary */ = {
			isa = PBXGroup;
			children = (
				5BF50E8A1DB13BAD00F3658B /* AppDelegate.swift */,
				5BF50E8C1DB13BAD00F3658B /* ViewController.swift */,
				5BF50E8E1DB13BAD00F3658B /* Main.storyboard */,
				5BF50E911DB13BAD00F3658B /* Assets.xcassets */,
				5BF50E931DB13BAD00F3658B /* LaunchScreen.storyboard */,
				5BF50E961DB13BAD00F3658B /* Info.plist */,
			);
			path = NBADiary;
			sourceTree = "<group>";
		};
/* End PBXGroup section */

/* Begin PBXNativeTarget section */
		5BF50E861DB13BAD00F3658B /* NBADiary */ = {
			isa = PBXNativeTarget;
			buildConfigurationList = 5BF50E991DB13BAD00F3658B /* Build configuration list for PBXNativeTarget "NBADiary" */;
			buildPhases = (
				5BF50E831DB13BAD00F3658B /* Sources */,
				5BF50E841DB13BAD00F3658B /* Frameworks */,
				5BF50E851DB13BAD00F3658B /* Resources */,
			);
			buildRules = (
			);
			dependencies = (
			);
			name = NBADiary;
			productName = NBADiary;
			productReference = 5BF50E871DB13BAD00F3658B /* NBADiary.app */;
			productType = "com.apple.product-type.application";
		};
/* End PBXNativeTarget section */

/* Begin PBXProject section */
		5BF50E7F1DB13BAD00F3658B /* Project object */ = {
			isa = PBXProject;
			attributes = {
				LastSwiftUpdateCheck = 0800;
				LastUpgradeCheck = 0800;
				ORGANIZATIONNAME = "The Iron Yard";
				TargetAttributes = {
					5BF50E861DB13BAD00F3658B = {
						CreatedOnToolsVersion = 8.0;
						ProvisioningStyle = Automatic;
					};
				};
			};
			buildConfigurationList = 5BF50E821DB13BAD00F3658B /* Build configuration list for PBXProject "NBADiary" */;
			compatibilityVersion = "Xcode 3.2";
			developmentRegion = English;
			hasScannedForEncodings = 0;
			knownRegions = (
				en,
				Base,
			);
			mainGroup = 5BF50E7E1DB13BAD00F3658B;
			productRefGroup = 5BF50E881DB13BAD00F3658B /* Products */;
			projectDirPath = "";
			projectRoot = "";
			targets = (
				5BF50E861DB13BAD00F3658B /* NBADiary */,
			);
		};
/* End PBXProject section */

/* Begin PBXResourcesBuildPhase section */
		5BF50E851DB13BAD00F3658B /* Resources */ = {
			isa = PBXResourcesBuildPhase;
			buildActionMask = 2147483647;
			files = (
				5BF50E951DB13BAD00F3658B /* LaunchScreen.storyboard in Resources */,
				5BF50E921DB13BAD00F3658B /* Assets.xcassets in Resources */,
				5BF50E901DB13BAD00F3658B /* Main.storyboard in Resources */,
			);
			runOnlyForDeploymentPostprocessing = 0;
		};
/* End PBXResourcesBuildPhase section */

/* Begin PBXSourcesBuildPhase section */
		5BF50E831DB13BAD00F3658B /* Sources */ = {
			isa = PBXSourcesBuildPhase;
			buildActionMask = 2147483647;
			files = (
				5BF50E8D1DB13BAD00F3658B /* ViewController.swift in Sources */,
				5BF50E8B1DB13BAD00F3658B /* AppDelegate.swift in Sources */,
			);
			runOnlyForDeploymentPostprocessing = 0;
		};
/* End PBXSourcesBuildPhase section */

/* Begin PBXVariantGroup section */
		5BF50E8E1DB13BAD00F3658B /* Main.storyboard */ = {
			isa = PBXVariantGroup;
			children = (
				5BF50E8F1DB13BAD00F3658B /* Base */,
			);
			name = Main.storyboard;
			sourceTree = "<group>";
		};
		5BF50E931DB13BAD00F3658B /* LaunchScreen.storyboard */ = {
			isa = PBXVariantGroup;
			children = (
				5BF50E941DB13BAD00F3658B /* Base */,
			);
			name = LaunchScreen.storyboard;
			sourceTree = "<group>";
		};
/* End PBXVariantGroup section */

/* Begin XCBuildConfiguration section */
		5BF50E971DB13BAD00F3658B /* Debug */ = {
			isa = XCBuildConfiguration;
			buildSettings = {
				ALWAYS_SEARCH_USER_PATHS = NO;
				CLANG_ANALYZER_NONNULL = YES;
				CLANG_CXX_LANGUAGE_STANDARD = "gnu++0x";
				CLANG_CXX_LIBRARY = "libc++";
				CLANG_ENABLE_MODULES = YES;
				CLANG_ENABLE_OBJC_ARC = YES;
				CLANG_WARN_BOOL_CONVERSION = YES;
				CLANG_WARN_CONSTANT_CONVERSION = YES;
				CLANG_WARN_DIRECT_OBJC_ISA_USAGE = YES_ERROR;
				CLANG_WARN_DOCUMENTATION_COMMENTS = YES;
				CLANG_WARN_EMPTY_BODY = YES;
				CLANG_WARN_ENUM_CONVERSION = YES;
				CLANG_WARN_INFINITE_RECURSION = YES;
				CLANG_WARN_INT_CONVERSION = YES;
				CLANG_WARN_OBJC_ROOT_CLASS = YES_ERROR;
				CLANG_WARN_SUSPICIOUS_MOVES = YES;
				CLANG_WARN_UNREACHABLE_CODE = YES;
				CLANG_WARN__DUPLICATE_METHOD_MATCH = YES;
				"CODE_SIGN_IDENTITY[sdk=iphoneos*]" = "iPhone Developer";
				COPY_PHASE_STRIP = NO;
				DEBUG_INFORMATION_FORMAT = dwarf;
				ENABLE_STRICT_OBJC_MSGSEND = YES;
				ENABLE_TESTABILITY = YES;
				GCC_C_LANGUAGE_STANDARD = gnu99;
				GCC_DYNAMIC_NO_PIC = NO;
				GCC_NO_COMMON_BLOCKS = YES;
				GCC_OPTIMIZATION_LEVEL = 0;
				GCC_PREPROCESSOR_DEFINITIONS = (
					"DEBUG=1",
					"$(inherited)",
				);
				GCC_WARN_64_TO_32_BIT_CONVERSION = YES;
				GCC_WARN_ABOUT_RETURN_TYPE = YES_ERROR;
				GCC_WARN_UNDECLARED_SELECTOR = YES;
				GCC_WARN_UNINITIALIZED_AUTOS = YES_AGGRESSIVE;
				GCC_WARN_UNUSED_FUNCTION = YES;
				GCC_WARN_UNUSED_VARIABLE = YES;
				IPHONEOS_DEPLOYMENT_TARGET = 10.0;
				MTL_ENABLE_DEBUG_INFO = YES;
				ONLY_ACTIVE_ARCH = YES;
				SDKROOT = iphoneos;
				SWIFT_ACTIVE_COMPILATION_CONDITIONS = DEBUG;
				SWIFT_OPTIMIZATION_LEVEL = "-Onone";
				TARGETED_DEVICE_FAMILY = "1,2";
			};
			name = Debug;
		};
		5BF50E981DB13BAD00F3658B /* Release */ = {
			isa = XCBuildConfiguration;
			buildSettings = {
				ALWAYS_SEARCH_USER_PATHS = NO;
				CLANG_ANALYZER_NONNULL = YES;
				CLANG_CXX_LANGUAGE_STANDARD = "gnu++0x";
				CLANG_CXX_LIBRARY = "libc++";
				CLANG_ENABLE_MODULES = YES;
				CLANG_ENABLE_OBJC_ARC = YES;
				CLANG_WARN_BOOL_CONVERSION = YES;
				CLANG_WARN_CONSTANT_CONVERSION = YES;
				CLANG_WARN_DIRECT_OBJC_ISA_USAGE = YES_ERROR;
				CLANG_WARN_DOCUMENTATION_COMMENTS = YES;
				CLANG_WARN_EMPTY_BODY = YES;
				CLANG_WARN_ENUM_CONVERSION = YES;
				CLANG_WARN_INFINITE_RECURSION = YES;
				CLANG_WARN_INT_CONVERSION = YES;
				CLANG_WARN_OBJC_ROOT_CLASS = YES_ERROR;
				CLANG_WARN_SUSPICIOUS_MOVES = YES;
				CLANG_WARN_UNREACHABLE_CODE = YES;
				CLANG_WARN__DUPLICATE_METHOD_MATCH = YES;
				"CODE_SIGN_IDENTITY[sdk=iphoneos*]" = "iPhone Developer";
				COPY_PHASE_STRIP = NO;
				DEBUG_INFORMATION_FORMAT = "dwarf-with-dsym";
				ENABLE_NS_ASSERTIONS = NO;
				ENABLE_STRICT_OBJC_MSGSEND = YES;
				GCC_C_LANGUAGE_STANDARD = gnu99;
				GCC_NO_COMMON_BLOCKS = YES;
				GCC_WARN_64_TO_32_BIT_CONVERSION = YES;
				GCC_WARN_ABOUT_RETURN_TYPE = YES_ERROR;
				GCC_WARN_UNDECLARED_SELECTOR = YES;
				GCC_WARN_UNINITIALIZED_AUTOS = YES_AGGRESSIVE;
				GCC_WARN_UNUSED_FUNCTION = YES;
				GCC_WARN_UNUSED_VARIABLE = YES;
				IPHONEOS_DEPLOYMENT_TARGET = 10.0;
				MTL_ENABLE_DEBUG_INFO = NO;
				SDKROOT = iphoneos;
				SWIFT_OPTIMIZATION_LEVEL = "-Owholemodule";
				TARGETED_DEVICE_FAMILY = "1,2";
				VALIDATE_PRODUCT = YES;
			};
			name = Release;
		};
		5BF50E9A1DB13BAD00F3658B /* Debug */ = {
			isa = XCBuildConfiguration;
			buildSettings = {
				ASSETCATALOG_COMPILER_APPICON_NAME = AppIcon;
				INFOPLIST_FILE = NBADiary/Info.plist;
				LD_RUNPATH_SEARCH_PATHS = "$(inherited) @executable_path/Frameworks";
				PRODUCT_BUNDLE_IDENTIFIER = com.tiy.NBADiary;
				PRODUCT_NAME = "$(TARGET_NAME)";
				SWIFT_VERSION = 3.0;
			};
			name = Debug;
		};
		5BF50E9B1DB13BAD00F3658B /* Release */ = {
			isa = XCBuildConfiguration;
			buildSettings = {
				ASSETCATALOG_COMPILER_APPICON_NAME = AppIcon;
				INFOPLIST_FILE = NBADiary/Info.plist;
				LD_RUNPATH_SEARCH_PATHS = "$(inherited) @executable_path/Frameworks";
				PRODUCT_BUNDLE_IDENTIFIER = com.tiy.NBADiary;
				PRODUCT_NAME = "$(TARGET_NAME)";
				SWIFT_VERSION = 3.0;
			};
			name = Release;
		};
/* End XCBuildConfiguration section */

/* Begin XCConfigurationList section */
		5BF50E821DB13BAD00F3658B /* Build configuration list for PBXProject "NBADiary" */ = {
			isa = XCConfigurationList;
			buildConfigurations = (
				5BF50E971DB13BAD00F3658B /* Debug */,
				5BF50E981DB13BAD00F3658B /* Release */,
			);
			defaultConfigurationIsVisible = 0;
			defaultConfigurationName = Release;
		};
		5BF50E991DB13BAD00F3658B /* Build configuration list for PBXNativeTarget "NBADiary" */ = {
			isa = XCConfigurationList;
			buildConfigurations = (
				5BF50E9A1DB13BAD00F3658B /* Debug */,
				5BF50E9B1DB13BAD00F3658B /* Release */,
			);
			defaultConfigurationIsVisible = 0;
		};
/* End XCConfigurationList section */
	};
	rootObject = 5BF50E7F1DB13BAD00F3658B /* Project object */;
}
